{
  "name": "mcbe-leveldb-reader",
  "version": "2.0.1",
  "lockfileVersion": 3,
  "requires": true,
  "packages": {
    "": {
      "name": "mcbe-leveldb-reader",
      "version": "2.0.1",
      "license": "MIT",
      "dependencies": {
        "@zip.js/zip.js": "^2.7.57",
        "pako": "^2.1.0"
      }
    },
    "node_modules/@zip.js/zip.js": {
      "version": "2.8.8",
      "resolved": "https://registry.npmjs.org/@zip.js/zip.js/-/zip.js-2.8.8.tgz",
      "integrity": "sha512-v0KutehhSAuaoFAFGLp+V4+UiZ1mIxQ8vNOYMD7k9ZJaBbtQV49MYlg568oRLiuwWDg2Di58Iw3Q0ESNWR+5JA==",
      "license": "BSD-3-Clause",
      "engines": {
        "bun": ">=0.7.0",
        "deno": ">=1.0.0",
        "node": ">=18.0.0"
      }
    },
    "node_modules/pako": {
      "version": "2.1.0",
      "resolved": "https://registry.npmjs.org/pako/-/pako-2.1.0.tgz",
      "integrity": "sha512-w+eufiZ1WuJYgPXbV/PO3NCMEc3xqylkKHzp8bxp1uW4qaSNQUkwmLLEc3kKsfz8lpV1F8Ht3U1Cm+9Srog2ug==",
      "license": "(MIT AND Zlib)"
    }
  }
}
